
Microsoft Visual Studio Solution File, Format Version 12.00
# Visual Studio Version 17
VisualStudioVersion = 17.6.33829.357
MinimumVisualStudioVersion = 10.0.40219.1
Project("{FAE04EC0-301F-11D3-BF4B-00C04F79EFBC}") = "InterfaceExample", "InterfaceExample.csproj", "{C4FFDB35-9C4A-4C45-9B29-05370FF42B3E}"
EndProject
Global
	GlobalSection(SolutionConfigurationPlatforms) = preSolution
		Debug|Any CPU = Debug|Any CPU
		Release|Any CPU = Release|Any CPU
	EndGlobalSection
	GlobalSection(ProjectConfigurationPlatforms) = postSolution
		{C4FFDB35-9C4A-4C45-9B29-05370FF42B3E}.Debug|Any CPU.ActiveCfg = Debug|Any CPU
		{C4FFDB35-9C4A-4C45-9B29-05370FF42B3E}.Debug|Any CPU.Build.0 = Debug|Any CPU
		{C4FFDB35-9C4A-4C45-9B29-05370FF42B3E}.Release|Any CPU.ActiveCfg = Release|Any CPU
		{C4FFDB35-9C4A-4C45-9B29-05370FF42B3E}.Release|Any CPU.Build.0 = Release|Any CPU
	EndGlobalSection
	GlobalSection(SolutionProperties) = preSolution
		HideSolutionNode = FALSE
	EndGlobalSection
	GlobalSection(ExtensibilityGlobals) = postSolution
		SolutionGuid = {2829A412-861E-46F5-81BE-3F6E6C4C0450}
	EndGlobalSection
EndGlobal
